
Microsoft Visual Studio Solution File, Format Version 12.00
# Visual Studio Version 17
VisualStudioVersion = 17.0.31903.59
MinimumVisualStudioVersion = 10.0.40219.1
Project("{FAE04EC0-301F-11D3-BF4B-00C04F79EFBC}") = "Domain", "Domain\Domain.csproj", "{578407F9-5C98-42D2-8EC7-FCC9A023F544}"
EndProject
Project("{FAE04EC0-301F-11D3-BF4B-00C04F79EFBC}") = "Application", "Application\Application.csproj", "{F00013C2-EAE4-4D67-B4F4-57941980A98A}"
EndProject
Project("{FAE04EC0-301F-11D3-BF4B-00C04F79EFBC}") = "Persistence", "Persistence\Persistence.csproj", "{22475DCD-9E9D-4BDC-8120-686A8D210076}"
EndProject
Project("{FAE04EC0-301F-11D3-BF4B-00C04F79EFBC}") = "API", "API\API.csproj", "{453DD912-011F-4838-85C0-D2CC8423689F}"
EndProject
Global
	GlobalSection(SolutionConfigurationPlatforms) = preSolution
		Debug|Any CPU = Debug|Any CPU
		Debug|x64 = Debug|x64
		Debug|x86 = Debug|x86
		Release|Any CPU = Release|Any CPU
		Release|x64 = Release|x64
		Release|x86 = Release|x86
	EndGlobalSection
	GlobalSection(ProjectConfigurationPlatforms) = postSolution
		{578407F9-5C98-42D2-8EC7-FCC9A023F544}.Debug|Any CPU.ActiveCfg = Debug|Any CPU
		{578407F9-5C98-42D2-8EC7-FCC9A023F544}.Debug|Any CPU.Build.0 = Debug|Any CPU
		{578407F9-5C98-42D2-8EC7-FCC9A023F544}.Debug|x64.ActiveCfg = Debug|Any CPU
		{578407F9-5C98-42D2-8EC7-FCC9A023F544}.Debug|x64.Build.0 = Debug|Any CPU
		{578407F9-5C98-42D2-8EC7-FCC9A023F544}.Debug|x86.ActiveCfg = Debug|Any CPU
		{578407F9-5C98-42D2-8EC7-FCC9A023F544}.Debug|x86.Build.0 = Debug|Any CPU
		{578407F9-5C98-42D2-8EC7-FCC9A023F544}.Release|Any CPU.ActiveCfg = Release|Any CPU
		{578407F9-5C98-42D2-8EC7-FCC9A023F544}.Release|Any CPU.Build.0 = Release|Any CPU
		{578407F9-5C98-42D2-8EC7-FCC9A023F544}.Release|x64.ActiveCfg = Release|Any CPU
		{578407F9-5C98-42D2-8EC7-FCC9A023F544}.Release|x64.Build.0 = Release|Any CPU
		{578407F9-5C98-42D2-8EC7-FCC9A023F544}.Release|x86.ActiveCfg = Release|Any CPU
		{578407F9-5C98-42D2-8EC7-FCC9A023F544}.Release|x86.Build.0 = Release|Any CPU
		{F00013C2-EAE4-4D67-B4F4-57941980A98A}.Debug|Any CPU.ActiveCfg = Debug|Any CPU
		{F00013C2-EAE4-4D67-B4F4-57941980A98A}.Debug|Any CPU.Build.0 = Debug|Any CPU
		{F00013C2-EAE4-4D67-B4F4-57941980A98A}.Debug|x64.ActiveCfg = Debug|Any CPU
		{F00013C2-EAE4-4D67-B4F4-57941980A98A}.Debug|x64.Build.0 = Debug|Any CPU
		{F00013C2-EAE4-4D67-B4F4-57941980A98A}.Debug|x86.ActiveCfg = Debug|Any CPU
		{F00013C2-EAE4-4D67-B4F4-57941980A98A}.Debug|x86.Build.0 = Debug|Any CPU
		{F00013C2-EAE4-4D67-B4F4-57941980A98A}.Release|Any CPU.ActiveCfg = Release|Any CPU
		{F00013C2-EAE4-4D67-B4F4-57941980A98A}.Release|Any CPU.Build.0 = Release|Any CPU
		{F00013C2-EAE4-4D67-B4F4-57941980A98A}.Release|x64.ActiveCfg = Release|Any CPU
		{F00013C2-EAE4-4D67-B4F4-57941980A98A}.Release|x64.Build.0 = Release|Any CPU
		{F00013C2-EAE4-4D67-B4F4-57941980A98A}.Release|x86.ActiveCfg = Release|Any CPU
		{F00013C2-EAE4-4D67-B4F4-57941980A98A}.Release|x86.Build.0 = Release|Any CPU
		{22475DCD-9E9D-4BDC-8120-686A8D210076}.Debug|Any CPU.ActiveCfg = Debug|Any CPU
		{22475DCD-9E9D-4BDC-8120-686A8D210076}.Debug|Any CPU.Build.0 = Debug|Any CPU
		{22475DCD-9E9D-4BDC-8120-686A8D210076}.Debug|x64.ActiveCfg = Debug|Any CPU
		{22475DCD-9E9D-4BDC-8120-686A8D210076}.Debug|x64.Build.0 = Debug|Any CPU
		{22475DCD-9E9D-4BDC-8120-686A8D210076}.Debug|x86.ActiveCfg = Debug|Any CPU
		{22475DCD-9E9D-4BDC-8120-686A8D210076}.Debug|x86.Build.0 = Debug|Any CPU
		{22475DCD-9E9D-4BDC-8120-686A8D210076}.Release|Any CPU.ActiveCfg = Release|Any CPU
		{22475DCD-9E9D-4BDC-8120-686A8D210076}.Release|Any CPU.Build.0 = Release|Any CPU
		{22475DCD-9E9D-4BDC-8120-686A8D210076}.Release|x64.ActiveCfg = Release|Any CPU
		{22475DCD-9E9D-4BDC-8120-686A8D210076}.Release|x64.Build.0 = Release|Any CPU
		{22475DCD-9E9D-4BDC-8120-686A8D210076}.Release|x86.ActiveCfg = Release|Any CPU
		{22475DCD-9E9D-4BDC-8120-686A8D210076}.Release|x86.Build.0 = Release|Any CPU
		{453DD912-011F-4838-85C0-D2CC8423689F}.Debug|Any CPU.ActiveCfg = Debug|Any CPU
		{453DD912-011F-4838-85C0-D2CC8423689F}.Debug|Any CPU.Build.0 = Debug|Any CPU
		{453DD912-011F-4838-85C0-D2CC8423689F}.Debug|x64.ActiveCfg = Debug|Any CPU
		{453DD912-011F-4838-85C0-D2CC8423689F}.Debug|x64.Build.0 = Debug|Any CPU
		{453DD912-011F-4838-85C0-D2CC8423689F}.Debug|x86.ActiveCfg = Debug|Any CPU
		{453DD912-011F-4838-85C0-D2CC8423689F}.Debug|x86.Build.0 = Debug|Any CPU
		{453DD912-011F-4838-85C0-D2CC8423689F}.Release|Any CPU.ActiveCfg = Release|Any CPU
		{453DD912-011F-4838-85C0-D2CC8423689F}.Release|Any CPU.Build.0 = Release|Any CPU
		{453DD912-011F-4838-85C0-D2CC8423689F}.Release|x64.ActiveCfg = Release|Any CPU
		{453DD912-011F-4838-85C0-D2CC8423689F}.Release|x64.Build.0 = Release|Any CPU
		{453DD912-011F-4838-85C0-D2CC8423689F}.Release|x86.ActiveCfg = Release|Any CPU
		{453DD912-011F-4838-85C0-D2CC8423689F}.Release|x86.Build.0 = Release|Any CPU
	EndGlobalSection
	GlobalSection(SolutionProperties) = preSolution
		HideSolutionNode = FALSE
	EndGlobalSection
EndGlobal
